
Microsoft Visual Studio Solution File, Format Version 12.00
# Visual Studio Version 17
VisualStudioVersion = 17.11.35222.181
MinimumVisualStudioVersion = 10.0.40219.1
Project("{FAE04EC0-301F-11D3-BF4B-00C04F79EFBC}") = "TestCrypto", "TestCrypto.csproj", "{5A62D193-4ADF-410C-87D6-1367D563BFF9}"
EndProject
Global
	GlobalSection(SolutionConfigurationPlatforms) = preSolution
		Debug|Any CPU = Debug|Any CPU
		Release|Any CPU = Release|Any CPU
	EndGlobalSection
	GlobalSection(ProjectConfigurationPlatforms) = postSolution
		{5A62D193-4ADF-410C-87D6-1367D563BFF9}.Debug|Any CPU.ActiveCfg = Debug|Any CPU
		{5A62D193-4ADF-410C-87D6-1367D563BFF9}.Debug|Any CPU.Build.0 = Debug|Any CPU
		{5A62D193-4ADF-410C-87D6-1367D563BFF9}.Release|Any CPU.ActiveCfg = Release|Any CPU
		{5A62D193-4ADF-410C-87D6-1367D563BFF9}.Release|Any CPU.Build.0 = Release|Any CPU
	EndGlobalSection
	GlobalSection(SolutionProperties) = preSolution
		HideSolutionNode = FALSE
	EndGlobalSection
	GlobalSection(ExtensibilityGlobals) = postSolution
		SolutionGuid = {0BC9F2F4-9DD2-4B28-BAF8-BA0C6629DC58}
	EndGlobalSection
EndGlobal
